// !$*UTF8*$!
{
	archiveVersion = 1;
	classes = {
	};
	objectVersion = 46;
	objects = {

/* Begin PBXBuildFile section */
		D40DC5FF1CE26404005E7AEA /* AppDelegate.swift in Sources */ = {isa = PBXBuildFile; fileRef = D40DC5FE1CE26404005E7AEA /* AppDelegate.swift */; };
		D40DC6011CE26404005E7AEA /* ViewController.swift in Sources */ = {isa = PBXBuildFile; fileRef = D40DC6001CE26404005E7AEA /* ViewController.swift */; };
		D40DC6041CE26404005E7AEA /* Main.storyboard in Resources */ = {isa = PBXBuildFile; fileRef = D40DC6021CE26404005E7AEA /* Main.storyboard */; };
		D40DC6061CE26404005E7AEA /* Assets.xcassets in Resources */ = {isa = PBXBuildFile; fileRef = D40DC6051CE26404005E7AEA /* Assets.xcassets */; };
		D40DC6091CE26404005E7AEA /* LaunchScreen.storyboard in Resources */ = {isa = PBXBuildFile; fileRef = D40DC6071CE26404005E7AEA /* LaunchScreen.storyboard */; };
		D40DC6141CE26404005E7AEA /* PitchPerfectTests.swift in Sources */ = {isa = PBXBuildFile; fileRef = D40DC6131CE26404005E7AEA /* PitchPerfectTests.swift */; };
		D40DC61F1CE26404005E7AEA /* PitchPerfectUITests.swift in Sources */ = {isa = PBXBuildFile; fileRef = D40DC61E1CE26404005E7AEA /* PitchPerfectUITests.swift */; };
/* End PBXBuildFile section */

/* Begin PBXContainerItemProxy section */
		D40DC6101CE26404005E7AEA /* PBXContainerItemProxy */ = {
			isa = PBXContainerItemProxy;
			containerPortal = D40DC5F31CE26404005E7AEA /* Project object */;
			proxyType = 1;
			remoteGlobalIDString = D40DC5FA1CE26404005E7AEA;
			remoteInfo = PitchPerfect;
		};
		D40DC61B1CE26404005E7AEA /* PBXContainerItemProxy */ = {
			isa = PBXContainerItemProxy;
			containerPortal = D40DC5F31CE26404005E7AEA /* Project object */;
			proxyType = 1;
			remoteGlobalIDString = D40DC5FA1CE26404005E7AEA;
			remoteInfo = PitchPerfect;
		};
/* End PBXContainerItemProxy section */

/* Begin PBXFileReference section */
		D40DC5FB1CE26404005E7AEA /* PitchPerfect.app */ = {isa = PBXFileReference; explicitFileType = wrapper.application; includeInIndex = 0; path = PitchPerfect.app; sourceTree = BUILT_PRODUCTS_DIR; };
		D40DC5FE1CE26404005E7AEA /* AppDelegate.swift */ = {isa = PBXFileReference; lastKnownFileType = sourcecode.swift; path = AppDelegate.swift; sourceTree = "<group>"; };
		D40DC6001CE26404005E7AEA /* ViewController.swift */ = {isa = PBXFileReference; lastKnownFileType = sourcecode.swift; path = ViewController.swift; sourceTree = "<group>"; };
		D40DC6031CE26404005E7AEA /* Base */ = {isa = PBXFileReference; lastKnownFileType = file.storyboard; name = Base; path = Base.lproj/Main.storyboard; sourceTree = "<group>"; };
		D40DC6051CE26404005E7AEA /* Assets.xcassets */ = {isa = PBXFileReference; lastKnownFileType = folder.assetcatalog; path = Assets.xcassets; sourceTree = "<group>"; };
		D40DC6081CE26404005E7AEA /* Base */ = {isa = PBXFileReference; lastKnownFileType = file.storyboard; name = Base; path = Base.lproj/LaunchScreen.storyboard; sourceTree = "<group>"; };
		D40DC60A1CE26404005E7AEA /* Info.plist */ = {isa = PBXFileReference; lastKnownFileType = text.plist.xml; path = Info.plist; sourceTree = "<group>"; };
		D40DC60F1CE26404005E7AEA /* PitchPerfectTests.xctest */ = {isa = PBXFileReference; explicitFileType = wrapper.cfbundle; includeInIndex = 0; path = PitchPerfectTests.xctest; sourceTree = BUILT_PRODUCTS_DIR; };
		D40DC6131CE26404005E7AEA /* PitchPerfectTests.swift */ = {isa = PBXFileReference; lastKnownFileType = sourcecode.swift; path = PitchPerfectTests.swift; sourceTree = "<group>"; };
		D40DC6151CE26404005E7AEA /* Info.plist */ = {isa = PBXFileReference; lastKnownFileType = text.plist.xml; path = Info.plist; sourceTree = "<group>"; };
		D40DC61A1CE26404005E7AEA /* PitchPerfectUITests.xctest */ = {isa = PBXFileReference; explicitFileType = wrapper.cfbundle; includeInIndex = 0; path = PitchPerfectUITests.xctest; sourceTree = BUILT_PRODUCTS_DIR; };
		D40DC61E1CE26404005E7AEA /* PitchPerfectUITests.swift */ = {isa = PBXFileReference; lastKnownFileType = sourcecode.swift; path = PitchPerfectUITests.swift; sourceTree = "<group>"; };
		D40DC6201CE26404005E7AEA /* Info.plist */ = {isa = PBXFileReference; lastKnownFileType = text.plist.xml; path = Info.plist; sourceTree = "<group>"; };
/* End PBXFileReference section */

/* Begin PBXFrameworksBuildPhase section */
		D40DC5F81CE26404005E7AEA /* Frameworks */ = {
			isa = PBXFrameworksBuildPhase;
			buildActionMask = 2147483647;
			files = (
			);
			runOnlyForDeploymentPostprocessing = 0;
		};
		D40DC60C1CE26404005E7AEA /* Frameworks */ = {
			isa = PBXFrameworksBuildPhase;
			buildActionMask = 2147483647;
			files = (
			);
			runOnlyForDeploymentPostprocessing = 0;
		};
		D40DC6171CE26404005E7AEA /* Frameworks */ = {
			isa = PBXFrameworksBuildPhase;
			buildActionMask = 2147483647;
			files = (
			);
			runOnlyForDeploymentPostprocessing = 0;
		};
/* End PBXFrameworksBuildPhase section */

/* Begin PBXGroup section */
		D40DC5F21CE26404005E7AEA = {
			isa = PBXGroup;
			children = (
				D40DC5FD1CE26404005E7AEA /* PitchPerfect */,
				D40DC6121CE26404005E7AEA /* PitchPerfectTests */,
				D40DC61D1CE26404005E7AEA /* PitchPerfectUITests */,
				D40DC5FC1CE26404005E7AEA /* Products */,
			);
			sourceTree = "<group>";
		};
		D40DC5FC1CE26404005E7AEA /* Products */ = {
			isa = PBXGroup;
			children = (
				D40DC5FB1CE26404005E7AEA /* PitchPerfect.app */,
				D40DC60F1CE26404005E7AEA /* PitchPerfectTests.xctest */,
				D40DC61A1CE26404005E7AEA /* PitchPerfectUITests.xctest */,
			);
			name = Products;
			sourceTree = "<group>";
		};
		D40DC5FD1CE26404005E7AEA /* PitchPerfect */ = {
			isa = PBXGroup;
			children = (
				D40DC5FE1CE26404005E7AEA /* AppDelegate.swift */,
				D40DC6001CE26404005E7AEA /* ViewController.swift */,
				D40DC6021CE26404005E7AEA /* Main.storyboard */,
				D40DC6051CE26404005E7AEA /* Assets.xcassets */,
				D40DC6071CE26404005E7AEA /* LaunchScreen.storyboard */,
				D40DC60A1CE26404005E7AEA /* Info.plist */,
			);
			path = PitchPerfect;
			sourceTree = "<group>";
		};
		D40DC6121CE26404005E7AEA /* PitchPerfectTests */ = {
			isa = PBXGroup;
			children = (
				D40DC6131CE26404005E7AEA /* PitchPerfectTests.swift */,
				D40DC6151CE26404005E7AEA /* Info.plist */,
			);
			path = PitchPerfectTests;
			sourceTree = "<group>";
		};
		D40DC61D1CE26404005E7AEA /* PitchPerfectUITests */ = {
			isa = PBXGroup;
			children = (
				D40DC61E1CE26404005E7AEA /* PitchPerfectUITests.swift */,
				D40DC6201CE26404005E7AEA /* Info.plist */,
			);
			path = PitchPerfectUITests;
			sourceTree = "<group>";
		};
/* End PBXGroup section */

/* Begin PBXNativeTarget section */
		D40DC5FA1CE26404005E7AEA /* PitchPerfect */ = {
			isa = PBXNativeTarget;
			buildConfigurationList = D40DC6231CE26404005E7AEA /* Build configuration list for PBXNativeTarget "PitchPerfect" */;
			buildPhases = (
				D40DC5F71CE26404005E7AEA /* Sources */,
				D40DC5F81CE26404005E7AEA /* Frameworks */,
				D40DC5F91CE26404005E7AEA /* Resources */,
			);
			buildRules = (
			);
			dependencies = (
			);
			name = PitchPerfect;
			productName = PitchPerfect;
			productReference = D40DC5FB1CE26404005E7AEA /* PitchPerfect.app */;
			productType = "com.apple.product-type.application";
		};
		D40DC60E1CE26404005E7AEA /* PitchPerfectTests */ = {
			isa = PBXNativeTarget;
			buildConfigurationList = D40DC6261CE26404005E7AEA /* Build configuration list for PBXNativeTarget "PitchPerfectTests" */;
			buildPhases = (
				D40DC60B1CE26404005E7AEA /* Sources */,
				D40DC60C1CE26404005E7AEA /* Frameworks */,
				D40DC60D1CE26404005E7AEA /* Resources */,
			);
			buildRules = (
			);
			dependencies = (
				D40DC6111CE26404005E7AEA /* PBXTargetDependency */,
			);
			name = PitchPerfectTests;
			productName = PitchPerfectTests;
			productReference = D40DC60F1CE26404005E7AEA /* PitchPerfectTests.xctest */;
			productType = "com.apple.product-type.bundle.unit-test";
		};
		D40DC6191CE26404005E7AEA /* PitchPerfectUITests */ = {
			isa = PBXNativeTarget;
			buildConfigurationList = D40DC6291CE26404005E7AEA /* Build configuration list for PBXNativeTarget "PitchPerfectUITests" */;
			buildPhases = (
				D40DC6161CE26404005E7AEA /* Sources */,
				D40DC6171CE26404005E7AEA /* Frameworks */,
				D40DC6181CE26404005E7AEA /* Resources */,
			);
			buildRules = (
			);
			dependencies = (
				D40DC61C1CE26404005E7AEA /* PBXTargetDependency */,
			);
			name = PitchPerfectUITests;
			productName = PitchPerfectUITests;
			productReference = D40DC61A1CE26404005E7AEA /* PitchPerfectUITests.xctest */;
			productType = "com.apple.product-type.bundle.ui-testing";
		};
/* End PBXNativeTarget section */

/* Begin PBXProject section */
		D40DC5F31CE26404005E7AEA /* Project object */ = {
			isa = PBXProject;
			attributes = {
				LastSwiftUpdateCheck = 0730;
				LastUpgradeCheck = 0730;
				ORGANIZATIONNAME = "Gerardo Teruel";
				TargetAttributes = {
					D40DC5FA1CE26404005E7AEA = {
						CreatedOnToolsVersion = 7.3.1;
					};
					D40DC60E1CE26404005E7AEA = {
						CreatedOnToolsVersion = 7.3.1;
						TestTargetID = D40DC5FA1CE26404005E7AEA;
					};
					D40DC6191CE26404005E7AEA = {
						CreatedOnToolsVersion = 7.3.1;
						TestTargetID = D40DC5FA1CE26404005E7AEA;
					};
				};
			};
			buildConfigurationList = D40DC5F61CE26404005E7AEA /* Build configuration list for PBXProject "PitchPerfect" */;
			compatibilityVersion = "Xcode 3.2";
			developmentRegion = English;
			hasScannedForEncodings = 0;
			knownRegions = (
				en,
				Base,
			);
			mainGroup = D40DC5F21CE26404005E7AEA;
			productRefGroup = D40DC5FC1CE26404005E7AEA /* Products */;
			projectDirPath = "";
			projectRoot = "";
			targets = (
				D40DC5FA1CE26404005E7AEA /* PitchPerfect */,
				D40DC60E1CE26404005E7AEA /* PitchPerfectTests */,
				D40DC6191CE26404005E7AEA /* PitchPerfectUITests */,
			);
		};
/* End PBXProject section */

/* Begin PBXResourcesBuildPhase section */
		D40DC5F91CE26404005E7AEA /* Resources */ = {
			isa = PBXResourcesBuildPhase;
			buildActionMask = 2147483647;
			files = (
				D40DC6091CE26404005E7AEA /* LaunchScreen.storyboard in Resources */,
				D40DC6061CE26404005E7AEA /* Assets.xcassets in Resources */,
				D40DC6041CE26404005E7AEA /* Main.storyboard in Resources */,
			);
			runOnlyForDeploymentPostprocessing = 0;
		};
		D40DC60D1CE26404005E7AEA /* Resources */ = {
			isa = PBXResourcesBuildPhase;
			buildActionMask = 2147483647;
			files = (
			);
			runOnlyForDeploymentPostprocessing = 0;
		};
		D40DC6181CE26404005E7AEA /* Resources */ = {
			isa = PBXResourcesBuildPhase;
			buildActionMask = 2147483647;
			files = (
			);
			runOnlyForDeploymentPostprocessing = 0;
		};
/* End PBXResourcesBuildPhase section */

/* Begin PBXSourcesBuildPhase section */
		D40DC5F71CE26404005E7AEA /* Sources */ = {
			isa = PBXSourcesBuildPhase;
			buildActionMask = 2147483647;
			files = (
				D40DC6011CE26404005E7AEA /* ViewController.swift in Sources */,
				D40DC5FF1CE26404005E7AEA /* AppDelegate.swift in Sources */,
			);
			runOnlyForDeploymentPostprocessing = 0;
		};
		D40DC60B1CE26404005E7AEA /* Sources */ = {
			isa = PBXSourcesBuildPhase;
			buildActionMask = 2147483647;
			files = (
				D40DC6141CE26404005E7AEA /* PitchPerfectTests.swift in Sources */,
			);
			runOnlyForDeploymentPostprocessing = 0;
		};
		D40DC6161CE26404005E7AEA /* Sources */ = {
			isa = PBXSourcesBuildPhase;
			buildActionMask = 2147483647;
			files = (
				D40DC61F1CE26404005E7AEA /* PitchPerfectUITests.swift in Sources */,
			);
			runOnlyForDeploymentPostprocessing = 0;
		};
/* End PBXSourcesBuildPhase section */

/* Begin PBXTargetDependency section */
		D40DC6111CE26404005E7AEA /* PBXTargetDependency */ = {
			isa = PBXTargetDependency;
			target = D40DC5FA1CE26404005E7AEA /* PitchPerfect */;
			targetProxy = D40DC6101CE26404005E7AEA /* PBXContainerItemProxy */;
		};
		D40DC61C1CE26404005E7AEA /* PBXTargetDependency */ = {
			isa = PBXTargetDependency;
			target = D40DC5FA1CE26404005E7AEA /* PitchPerfect */;
			targetProxy = D40DC61B1CE26404005E7AEA /* PBXContainerItemProxy */;
		};
/* End PBXTargetDependency section */

/* Begin PBXVariantGroup section */
		D40DC6021CE26404005E7AEA /* Main.storyboard */ = {
			isa = PBXVariantGroup;
			children = (
				D40DC6031CE26404005E7AEA /* Base */,
			);
			name = Main.storyboard;
			sourceTree = "<group>";
		};
		D40DC6071CE26404005E7AEA /* LaunchScreen.storyboard */ = {
			isa = PBXVariantGroup;
			children = (
				D40DC6081CE26404005E7AEA /* Base */,
			);
			name = LaunchScreen.storyboard;
			sourceTree = "<group>";
		};
/* End PBXVariantGroup section */

/* Begin XCBuildConfiguration section */
		D40DC6211CE26404005E7AEA /* Debug */ = {
			isa = XCBuildConfiguration;
			buildSettings = {
				ALWAYS_SEARCH_USER_PATHS = NO;
				CLANG_ANALYZER_NONNULL = YES;
				CLANG_CXX_LANGUAGE_STANDARD = "gnu++0x";
				CLANG_CXX_LIBRARY = "libc++";
				CLANG_ENABLE_MODULES = YES;
				CLANG_ENABLE_OBJC_ARC = YES;
				CLANG_WARN_BOOL_CONVERSION = YES;
				CLANG_WARN_CONSTANT_CONVERSION = YES;
				CLANG_WARN_DIRECT_OBJC_ISA_USAGE = YES_ERROR;
				CLANG_WARN_EMPTY_BODY = YES;
				CLANG_WARN_ENUM_CONVERSION = YES;
				CLANG_WARN_INT_CONVERSION = YES;
				CLANG_WARN_OBJC_ROOT_CLASS = YES_ERROR;
				CLANG_WARN_UNREACHABLE_CODE = YES;
				CLANG_WARN__DUPLICATE_METHOD_MATCH = YES;
				"CODE_SIGN_IDENTITY[sdk=iphoneos*]" = "iPhone Developer";
				COPY_PHASE_STRIP = NO;
				DEBUG_INFORMATION_FORMAT = dwarf;
				ENABLE_STRICT_OBJC_MSGSEND = YES;
				ENABLE_TESTABILITY = YES;
				GCC_C_LANGUAGE_STANDARD = gnu99;
				GCC_DYNAMIC_NO_PIC = NO;
				GCC_NO_COMMON_BLOCKS = YES;
				GCC_OPTIMIZATION_LEVEL = 0;
				GCC_PREPROCESSOR_DEFINITIONS = (
					"DEBUG=1",
					"$(inherited)",
				);
				GCC_WARN_64_TO_32_BIT_CONVERSION = YES;
				GCC_WARN_ABOUT_RETURN_TYPE = YES_ERROR;
				GCC_WARN_UNDECLARED_SELECTOR = YES;
				GCC_WARN_UNINITIALIZED_AUTOS = YES_AGGRESSIVE;
				GCC_WARN_UNUSED_FUNCTION = YES;
				GCC_WARN_UNUSED_VARIABLE = YES;
				IPHONEOS_DEPLOYMENT_TARGET = 9.3;
				MTL_ENABLE_DEBUG_INFO = YES;
				ONLY_ACTIVE_ARCH = YES;
				SDKROOT = iphoneos;
				SWIFT_OPTIMIZATION_LEVEL = "-Onone";
				TARGETED_DEVICE_FAMILY = "1,2";
			};
			name = Debug;
		};
		D40DC6221CE26404005E7AEA /* Release */ = {
			isa = XCBuildConfiguration;
			buildSettings = {
				ALWAYS_SEARCH_USER_PATHS = NO;
				CLANG_ANALYZER_NONNULL = YES;
				CLANG_CXX_LANGUAGE_STANDARD = "gnu++0x";
				CLANG_CXX_LIBRARY = "libc++";
				CLANG_ENABLE_MODULES = YES;
				CLANG_ENABLE_OBJC_ARC = YES;
				CLANG_WARN_BOOL_CONVERSION = YES;
				CLANG_WARN_CONSTANT_CONVERSION = YES;
				CLANG_WARN_DIRECT_OBJC_ISA_USAGE = YES_ERROR;
				CLANG_WARN_EMPTY_BODY = YES;
				CLANG_WARN_ENUM_CONVERSION = YES;
				CLANG_WARN_INT_CONVERSION = YES;
				CLANG_WARN_OBJC_ROOT_CLASS = YES_ERROR;
				CLANG_WARN_UNREACHABLE_CODE = YES;
				CLANG_WARN__DUPLICATE_METHOD_MATCH = YES;
				"CODE_SIGN_IDENTITY[sdk=iphoneos*]" = "iPhone Developer";
				COPY_PHASE_STRIP = NO;
				DEBUG_INFORMATION_FORMAT = "dwarf-with-dsym";
				ENABLE_NS_ASSERTIONS = NO;
				ENABLE_STRICT_OBJC_MSGSEND = YES;
				GCC_C_LANGUAGE_STANDARD = gnu99;
				GCC_NO_COMMON_BLOCKS = YES;
				GCC_WARN_64_TO_32_BIT_CONVERSION = YES;
				GCC_WARN_ABOUT_RETURN_TYPE = YES_ERROR;
				GCC_WARN_UNDECLARED_SELECTOR = YES;
				GCC_WARN_UNINITIALIZED_AUTOS = YES_AGGRESSIVE;
				GCC_WARN_UNUSED_FUNCTION = YES;
				GCC_WARN_UNUSED_VARIABLE = YES;
				IPHONEOS_DEPLOYMENT_TARGET = 9.3;
				MTL_ENABLE_DEBUG_INFO = NO;
				SDKROOT = iphoneos;
				TARGETED_DEVICE_FAMILY = "1,2";
				VALIDATE_PRODUCT = YES;
			};
			name = Release;
		};
		D40DC6241CE26404005E7AEA /* Debug */ = {
			isa = XCBuildConfiguration;
			buildSettings = {
				ASSETCATALOG_COMPILER_APPICON_NAME = AppIcon;
				INFOPLIST_FILE = PitchPerfect/Info.plist;
				LD_RUNPATH_SEARCH_PATHS = "$(inherited) @executable_path/Frameworks";
				PRODUCT_BUNDLE_IDENTIFIER = gerardogtn.PitchPerfect;
				PRODUCT_NAME = "$(TARGET_NAME)";
			};
			name = Debug;
		};
		D40DC6251CE26404005E7AEA /* Release */ = {
			isa = XCBuildConfiguration;
			buildSettings = {
				ASSETCATALOG_COMPILER_APPICON_NAME = AppIcon;
				INFOPLIST_FILE = PitchPerfect/Info.plist;
				LD_RUNPATH_SEARCH_PATHS = "$(inherited) @executable_path/Frameworks";
				PRODUCT_BUNDLE_IDENTIFIER = gerardogtn.PitchPerfect;
				PRODUCT_NAME = "$(TARGET_NAME)";
			};
			name = Release;
		};
		D40DC6271CE26404005E7AEA /* Debug */ = {
			isa = XCBuildConfiguration;
			buildSettings = {
				BUNDLE_LOADER = "$(TEST_HOST)";
				INFOPLIST_FILE = PitchPerfectTests/Info.plist;
				LD_RUNPATH_SEARCH_PATHS = "$(inherited) @executable_path/Frameworks @loader_path/Frameworks";
				PRODUCT_BUNDLE_IDENTIFIER = gerardogtn.PitchPerfectTests;
				PRODUCT_NAME = "$(TARGET_NAME)";
				TEST_HOST = "$(BUILT_PRODUCTS_DIR)/PitchPerfect.app/PitchPerfect";
			};
			name = Debug;
		};
		D40DC6281CE26404005E7AEA /* Release */ = {
			isa = XCBuildConfiguration;
			buildSettings = {
				BUNDLE_LOADER = "$(TEST_HOST)";
				INFOPLIST_FILE = PitchPerfectTests/Info.plist;
				LD_RUNPATH_SEARCH_PATHS = "$(inherited) @executable_path/Frameworks @loader_path/Frameworks";
				PRODUCT_BUNDLE_IDENTIFIER = gerardogtn.PitchPerfectTests;
				PRODUCT_NAME = "$(TARGET_NAME)";
				TEST_HOST = "$(BUILT_PRODUCTS_DIR)/PitchPerfect.app/PitchPerfect";
			};
			name = Release;
		};
		D40DC62A1CE26404005E7AEA /* Debug */ = {
			isa = XCBuildConfiguration;
			buildSettings = {
				INFOPLIST_FILE = PitchPerfectUITests/Info.plist;
				LD_RUNPATH_SEARCH_PATHS = "$(inherited) @executable_path/Frameworks @loader_path/Frameworks";
				PRODUCT_BUNDLE_IDENTIFIER = gerardogtn.PitchPerfectUITests;
				PRODUCT_NAME = "$(TARGET_NAME)";
				TEST_TARGET_NAME = PitchPerfect;
			};
			name = Debug;
		};
		D40DC62B1CE26404005E7AEA /* Release */ = {
			isa = XCBuildConfiguration;
			buildSettings = {
				INFOPLIST_FILE = PitchPerfectUITests/Info.plist;
				LD_RUNPATH_SEARCH_PATHS = "$(inherited) @executable_path/Frameworks @loader_path/Frameworks";
				PRODUCT_BUNDLE_IDENTIFIER = gerardogtn.PitchPerfectUITests;
				PRODUCT_NAME = "$(TARGET_NAME)";
				TEST_TARGET_NAME = PitchPerfect;
			};
			name = Release;
		};
/* End XCBuildConfiguration section */

/* Begin XCConfigurationList section */
		D40DC5F61CE26404005E7AEA /* Build configuration list for PBXProject "PitchPerfect" */ = {
			isa = XCConfigurationList;
			buildConfigurations = (
				D40DC6211CE26404005E7AEA /* Debug */,
				D40DC6221CE26404005E7AEA /* Release */,
			);
			defaultConfigurationIsVisible = 0;
			defaultConfigurationName = Release;
		};
		D40DC6231CE26404005E7AEA /* Build configuration list for PBXNativeTarget "PitchPerfect" */ = {
			isa = XCConfigurationList;
			buildConfigurations = (
				D40DC6241CE26404005E7AEA /* Debug */,
				D40DC6251CE26404005E7AEA /* Release */,
			);
			defaultConfigurationIsVisible = 0;
		};
		D40DC6261CE26404005E7AEA /* Build configuration list for PBXNativeTarget "PitchPerfectTests" */ = {
			isa = XCConfigurationList;
			buildConfigurations = (
				D40DC6271CE26404005E7AEA /* Debug */,
				D40DC6281CE26404005E7AEA /* Release */,
			);
			defaultConfigurationIsVisible = 0;
		};
		D40DC6291CE26404005E7AEA /* Build configuration list for PBXNativeTarget "PitchPerfectUITests" */ = {
			isa = XCConfigurationList;
			buildConfigurations = (
				D40DC62A1CE26404005E7AEA /* Debug */,
				D40DC62B1CE26404005E7AEA /* Release */,
			);
			defaultConfigurationIsVisible = 0;
		};
/* End XCConfigurationList section */
	};
	rootObject = D40DC5F31CE26404005E7AEA /* Project object */;
}
